
Microsoft Visual Studio Solution File, Format Version 12.00
# Visual Studio Version 18
VisualStudioVersion = 18.2.11415.280 d18.0
MinimumVisualStudioVersion = 10.0.40219.1
Project("{FAE04EC0-301F-11D3-BF4B-00C04F79EFBC}") = "MermaidEditor", "MermaidEditor.csproj", "{723DE445-3B7A-2FF4-C9DA-8D1FF59C988B}"
EndProject
Global
	GlobalSection(SolutionConfigurationPlatforms) = preSolution
		Debug|Any CPU = Debug|Any CPU
		Release|Any CPU = Release|Any CPU
	EndGlobalSection
	GlobalSection(ProjectConfigurationPlatforms) = postSolution
		{723DE445-3B7A-2FF4-C9DA-8D1FF59C988B}.Debug|Any CPU.ActiveCfg = Debug|Any CPU
		{723DE445-3B7A-2FF4-C9DA-8D1FF59C988B}.Debug|Any CPU.Build.0 = Debug|Any CPU
		{723DE445-3B7A-2FF4-C9DA-8D1FF59C988B}.Release|Any CPU.ActiveCfg = Release|Any CPU
		{723DE445-3B7A-2FF4-C9DA-8D1FF59C988B}.Release|Any CPU.Build.0 = Release|Any CPU
	EndGlobalSection
	GlobalSection(SolutionProperties) = preSolution
		HideSolutionNode = FALSE
	EndGlobalSection
	GlobalSection(ExtensibilityGlobals) = postSolution
		SolutionGuid = {97FCE32F-D04A-4099-A63F-DE2FD854C18E}
	EndGlobalSection
EndGlobal
